
Microsoft Visual Studio Solution File, Format Version 12.00
# Visual Studio 15
VisualStudioVersion = 15.0.28010.2048
MinimumVisualStudioVersion = 10.0.40219.1
Project("{FAE04EC0-301F-11D3-BF4B-00C04F79EFBC}") = "Decentralized Search Engine", "Decentralized Search Engine\Decentralized Search Engine.csproj", "{D00185DA-CCE0-4C05-8770-1FC27B599516}"
EndProject
Global
	GlobalSection(SolutionConfigurationPlatforms) = preSolution
		Debug|Any CPU = Debug|Any CPU
		Release|Any CPU = Release|Any CPU
	EndGlobalSection
	GlobalSection(ProjectConfigurationPlatforms) = postSolution
		{D00185DA-CCE0-4C05-8770-1FC27B599516}.Debug|Any CPU.ActiveCfg = Debug|Any CPU
		{D00185DA-CCE0-4C05-8770-1FC27B599516}.Debug|Any CPU.Build.0 = Debug|Any CPU
		{D00185DA-CCE0-4C05-8770-1FC27B599516}.Release|Any CPU.ActiveCfg = Release|Any CPU
		{D00185DA-CCE0-4C05-8770-1FC27B599516}.Release|Any CPU.Build.0 = Release|Any CPU
	EndGlobalSection
	GlobalSection(SolutionProperties) = preSolution
		HideSolutionNode = FALSE
	EndGlobalSection
	GlobalSection(ExtensibilityGlobals) = postSolution
		SolutionGuid = {87DBF873-0634-4A2A-AA7F-5910209E80A9}
	EndGlobalSection
EndGlobal
